packages:
  - package: dbt-labs/dbt_utils
    version: 1.0.0
  - package: metaplane/dbt_expectations
    version: 0.8.5
  - package: brooklyn-data/dbt_artifacts
    version: 2.9.3
  - package: dbt-labs/codegen
    version: 0.13.1
  - package: calogica/dbt_date
    version: 0.7.2
sha1_hash: 6ba787bbd11c5e1887264cb45ed3511e0b76243b
