packages:
  - package: dbt-labs/dbt_utils
    version: 1.0.0
  - package: calogica/dbt_expectations
    version: 0.8.5
  - package: brooklyn-data/dbt_artifacts
    version: 2.9.0
  - package: dbt-labs/codegen
    version: 0.13.1
  - package: calogica/dbt_date
    version: 0.7.2
sha1_hash: ca9c088557a95c16981bcdc2b3002b5a960eb77c
